
Microsoft Visual Studio Solution File, Format Version 12.00
# Visual Studio Version 17
VisualStudioVersion = 17.6.33829.357
MinimumVisualStudioVersion = 10.0.40219.1
Project("{FAE04EC0-301F-11D3-BF4B-00C04F79EFBC}") = "EFCoreTest", "EFCoreTest\EFCoreTest.csproj", "{7248B8DE-FB1D-4C6B-AA3B-003590E03E2A}"
EndProject
Global
	GlobalSection(SolutionConfigurationPlatforms) = preSolution
		Debug|Any CPU = Debug|Any CPU
		Release|Any CPU = Release|Any CPU
	EndGlobalSection
	GlobalSection(ProjectConfigurationPlatforms) = postSolution
		{7248B8DE-FB1D-4C6B-AA3B-003590E03E2A}.Debug|Any CPU.ActiveCfg = Debug|Any CPU
		{7248B8DE-FB1D-4C6B-AA3B-003590E03E2A}.Debug|Any CPU.Build.0 = Debug|Any CPU
		{7248B8DE-FB1D-4C6B-AA3B-003590E03E2A}.Release|Any CPU.ActiveCfg = Release|Any CPU
		{7248B8DE-FB1D-4C6B-AA3B-003590E03E2A}.Release|Any CPU.Build.0 = Release|Any CPU
	EndGlobalSection
	GlobalSection(SolutionProperties) = preSolution
		HideSolutionNode = FALSE
	EndGlobalSection
	GlobalSection(ExtensibilityGlobals) = postSolution
		SolutionGuid = {3714A845-4CC0-49E7-A72F-67FF7BF31987}
	EndGlobalSection
EndGlobal
